{
  "name": "test",
  "version": "1.0.0",
  "lockfileVersion": 3,
  "requires": true,
  "packages": {
    "": {
      "name": "test",
      "version": "1.0.0",
      "license": "ISC",
      "dependencies": {
        "@obnahsgnaw/ws": "^1.0.2"
      }
    },
    "node_modules/@obnahsgnaw/ws": {
      "version": "1.0.2",
      "resolved": "https://registry.npmjs.org/@obnahsgnaw/ws/-/ws-1.0.2.tgz",
      "integrity": "sha512-dBrpgYLVGHHhKy8XM7Xr1ECff7xMjCdC7/uxhseXOH6/5t+dzmz2qATv90EpWEO4Q6tDHxp0gIiFvtHkCY+KPA=="
    }
  }
}
